
Microsoft Visual Studio Solution File, Format Version 12.00
# Visual Studio Version 17
VisualStudioVersion = 17.7.34031.279
MinimumVisualStudioVersion = 10.0.40219.1
Project("{FAE04EC0-301F-11D3-BF4B-00C04F79EFBC}") = "Quản lý Nhân viên", "Quản lý Nhân viên\Quản lý Nhân viên.csproj", "{61723E8C-01B5-4549-8633-887E2A5DDED6}"
EndProject
Global
	GlobalSection(SolutionConfigurationPlatforms) = preSolution
		Debug|Any CPU = Debug|Any CPU
		Release|Any CPU = Release|Any CPU
	EndGlobalSection
	GlobalSection(ProjectConfigurationPlatforms) = postSolution
		{61723E8C-01B5-4549-8633-887E2A5DDED6}.Debug|Any CPU.ActiveCfg = Debug|Any CPU
		{61723E8C-01B5-4549-8633-887E2A5DDED6}.Debug|Any CPU.Build.0 = Debug|Any CPU
		{61723E8C-01B5-4549-8633-887E2A5DDED6}.Release|Any CPU.ActiveCfg = Release|Any CPU
		{61723E8C-01B5-4549-8633-887E2A5DDED6}.Release|Any CPU.Build.0 = Release|Any CPU
	EndGlobalSection
	GlobalSection(SolutionProperties) = preSolution
		HideSolutionNode = FALSE
	EndGlobalSection
	GlobalSection(ExtensibilityGlobals) = postSolution
		SolutionGuid = {0334B8D8-EE26-474A-A7A1-DDBA932F35AC}
	EndGlobalSection
EndGlobal
